{
  "version": 4,
  "terraform_version": "1.4.6",
  "serial": 5,
  "lineage": "eb0a02dd-55fb-dd0d-553d-28dc7a686f27",
  "outputs": {},
  "resources": [
    {
      "mode": "data",
      "type": "azurerm_image",
      "name": "existing_images",
      "provider": "provider[\"registry.terraform.io/hashicorp/azurerm\"]",
      "instances": [
        {
          "index_key": 0,
          "schema_version": 0,
          "attributes": {
            "data_disk": [],
            "id": "/subscriptions/1e01cf52-2b55-4ccc-a09c-c103b26afc90/resourceGroups/RGEU2APPCITRIXGRANJAP01/providers/Microsoft.Compute/images/TPL001",
            "location": "eastus2",
            "name": "TPL001",
            "name_regex": null,
            "os_disk": [
              {
                "blob_uri": "",
                "caching": "ReadWrite",
                "managed_disk_id": "/subscriptions/1e01cf52-2b55-4ccc-a09c-c103b26afc90/resourceGroups/RGEU2APPCITRIXGRANJAP01/providers/Microsoft.Compute/disks/TPL001_disk1_c10fa7feeb1a4f2e9ba8b824f52e19e5",
                "os_state": "Generalized",
                "os_type": "Windows",
                "size_gb": 127
              }
            ],
            "resource_group_name": "RGEU2APPCITRIXGRANJAP01",
            "sort_descending": false,
            "tags": {
              "Template": "TPL001,TPL002,TPL003,TPL005,TPL011;TPL013,TPL014,TPL017",
              "environment": "PROD"
            },
            "timeouts": null,
            "zone_resilient": false
          },
          "sensitive_attributes": []
        }
      ]
    },
    {
      "mode": "data",
      "type": "azurerm_resource_group",
      "name": "existing_resource_group",
      "provider": "provider[\"registry.terraform.io/hashicorp/azurerm\"]",
      "instances": [
        {
          "schema_version": 0,
          "attributes": {
            "id": "/subscriptions/1e01cf52-2b55-4ccc-a09c-c103b26afc90/resourceGroups/RGEU2APPCITRIXGRANJAP01",
            "location": "eastus2",
            "name": "RGEU2APPCITRIXGRANJAP01",
            "tags": {
              "COD_APP": "DAAS",
              "Operación": "IBM-Cloud",
              "Proyecto": "DaaS",
              "environment": "PROD"
            },
            "timeouts": null
          },
          "sensitive_attributes": []
        }
      ]
    },
    {
      "mode": "data",
      "type": "azurerm_subnet",
      "name": "subnets",
      "provider": "provider[\"registry.terraform.io/hashicorp/azurerm\"]",
      "instances": [
        {
          "index_key": "SNETEU2DAASDSOAPROV001",
          "schema_version": 0,
          "attributes": {
            "address_prefix": "10.160.82.0/24",
            "address_prefixes": [
              "10.160.82.0/24"
            ],
            "enforce_private_link_endpoint_network_policies": true,
            "enforce_private_link_service_network_policies": false,
            "id": "/subscriptions/1e01cf52-2b55-4ccc-a09c-c103b26afc90/resourceGroups/RGEU2APPCITRIXGRANJAP01/providers/Microsoft.Network/virtualNetworks/VNETEU2CITRIXGRANJAP01/subnets/SNETEU2DAASDSOAPROV001",
            "name": "SNETEU2DAASDSOAPROV001",
            "network_security_group_id": "/subscriptions/1e01cf52-2b55-4ccc-a09c-c103b26afc90/resourceGroups/RGEU2APPCITRIXGRANJAP01/providers/Microsoft.Network/networkSecurityGroups/ANSGEU2DAASDSOAPROV001",
            "resource_group_name": "RGEU2APPCITRIXGRANJAP01",
            "route_table_id": "/subscriptions/1e01cf52-2b55-4ccc-a09c-c103b26afc90/resourceGroups/RGEU2APPDAASP01/providers/Microsoft.Network/routeTables/RTEU2DAAS01",
            "service_endpoints": [
              "Microsoft.Storage",
              "Microsoft.Sql"
            ],
            "timeouts": null,
            "virtual_network_name": "VNETEU2CITRIXGRANJAP01"
          },
          "sensitive_attributes": []
        }
      ]
    },
    {
      "mode": "data",
      "type": "azurerm_virtual_network",
      "name": "existing_virtual_network",
      "provider": "provider[\"registry.terraform.io/hashicorp/azurerm\"]",
      "instances": [
        {
          "schema_version": 0,
          "attributes": {
            "address_space": [
              "10.79.40.0/21",
              "10.160.32.0/19",
              "10.160.64.0/18"
            ],
            "dns_servers": [
              "10.79.70.11"
            ],
            "guid": "2ef51a91-bce0-454a-a51b-1f7c10550cce",
            "id": "/subscriptions/1e01cf52-2b55-4ccc-a09c-c103b26afc90/resourceGroups/RGEU2APPCITRIXGRANJAP01/providers/Microsoft.Network/virtualNetworks/VNETEU2CITRIXGRANJAP01",
            "location": "eastus2",
            "name": "VNETEU2CITRIXGRANJAP01",
            "resource_group_name": "RGEU2APPCITRIXGRANJAP01",
            "subnets": [
              "SNETEU2DAASZCEEP001",
              "SUBNETPRUEBASP01",
              "SNETEU2DAASCOEP001",
              "SNETEU2DAASOPIP001",
              "SNETEU2DAASTRANSCOP001",
              "SNETEU2DAASUTI001",
              "SNETEU2DAASPRDTRANSP001",
              "SNETEU2DAASDABAP001",
              "SNETEU2DAASCRMOP001",
              "SNETEU2DAASVEDIP001",
              "SNETEU2DAASYAEMP001",
              "SNETEU2DAASTPITP001",
              "SNETEU2DAASHIPOP001",
              "SNETEU2DAASCDPEP001",
              "SNETEU2DAASTCIXP001",
              "SNETEU2DAASTFENP001",
              "SNETEU2DAACOETPP001",
              "SNETEU2DAASQITATP001",
              "SNETEU2DAASTCIXBCPP001",
              "SNETEU2DAASTESOP001",
              "SNETEU2DAASFCP001",
              "SNETEU2DAASTCDMP001",
              "SNETEU2DAASBUAPP001",
              "SNETEU2DAASPRICP001",
              "SNETEU2DAASKCTPP002",
              "SNETEU2DAASNBS2P001",
              "SNETEU2DAASCPOLGOB001",
              "SNETEU2DAASTEUBLOQ001",
              "SNETEU2DAASCAPPROV001",
              "SNETEU2DAASTEUPROV001",
              "SNETEU2DAASTHSTPROV001",
              "SNETEU2DAASTDSOPROV001",
              "SNETEU2DAASCISPROV001",
              "SNETEU2DAASCADIP001",
              "SNETEU2DAASDATABCP02",
              "SNETEU2DAASCBLYPROV001",
              "SNETEU2DAASCBLYBCP001",
              "SNETEU2DAASCSFBCP001",
              "SNETEU2DAASCSEGBCP001",
              "SNETEU2DAASCPOLRPA001",
              "SNETEU2DAASMMGRBCP001",
              "SNETEU2DAASCCRMABCP001",
              "SNETEU2DAASCSEGBCP002",
              "SNETEU2DAASTHSTBCP001",
              "SNETEU2DAASCAPBCP001",
              "SNETEU2DAASTDBBCP001",
              "SNETEU2DAASTVDBCP001",
              "SNETEU2DAASAMGRBCP001",
              "SNETEU2DAASTTSPIBCP001",
              "SNETEU2DAASCISBCP001",
              "SNETEU2DAASTDSOBCP001",
              "SNETEU2DAASDCGEBCP001",
              "SNETEU2DAASCIMMQPROV001",
              "SNETEU2DAASTCABCP001",
              "SNETEU2DAASCDATAPROV001",
              "SNETEU2DAASTRNFPROV001",
              "SNETEU2DAASCSEGBCP01",
              "SNETEU2DAASTTSPIPROV001",
              "SNETEU2DAASPCPEP001",
              "SNETEU2DAASSDCAPROV001",
              "SNETEU2DAASARMBCP001",
              "SNETEU2DAASV8HGPROV001",
              "SNETEU2DAASPYNEP001",
              "SNETEU2DAASPROYSTP001",
              "SNETEU2DAASAUINBCP01",
              "SNETEU2DAASESSPPROV01",
              "SNETEU2DAASRBMP001",
              "SNETEU2DAAFDSWP001",
              "SNETEU2DAASRBMBCP01",
              "SNETEU2DAASCUMPBCP01",
              "SNETEU2DAASBSEG001",
              "SNETEU2DAASESPBCP001",
              "SNETEU2DAASINDEP001",
              "SNETEU2DAASCCPSBCP01",
              "SNETEU2DAASTPITPROV001",
              "SNETEU2DAASDABAPROV001",
              "SNETEU2DAASARPLBCP01",
              "SNETEU2DAASPCPEP002",
              "SNETEU2DAASTFFTBCP001",
              "SNETEU2DAASGCDIBCP001",
              "SNETEU2DAASPEDNBCP01",
              "SNETEU2DAASFAELBCP01",
              "SNETEU2DAASCDPEBCP01",
              "SNETEU2DAASDENNPROV001",
              "SNETEU2DAASTCCFPROV01",
              "SNETEU2DAASTPTEBCP01",
              "SNETEU2DAASCDSICPROV001",
              "SNETEU2CITRIXGRANJAP01",
              "SNETEU2CITRIXGRANJAP02",
              "SNETEU2DAASTAITPROV01",
              "SNETEU2DAASCAALP001",
              "SNETEU2DAASADNNBCP01",
              "SNETEU2DAASCRMAP001",
              "SNETEU2DAASCOCEBCP001",
              "SNETEU2CITRIXGRANJAP03",
              "SNETEU2DAASDATAP001",
              "SNETEU2DAASPYMEPROV001",
              "SNETEU2DAASTFFTPROV001",
              "SNETEU2DAASCADIBCP01",
              "SNETEU2DAASPVGTBCP001",
              "SNETEU2DAASPRICBCP01",
              "SNETEU2DAASADANBCP01",
              "SNETEU2DAASCYEPROV001",
              "SNETEU2DAASYAPEBCP01",
              "SNETEU2DAASYAPEPROV001",
              "SNETEU2DAASPVGTPROV001",
              "SNETEU2DAASHIPOBCP001",
              "SNETEU2DAASPYMEBCP001",
              "SNETEU2DAASTESOBCP001",
              "SNETEU2DAASCLOUDBCP001",
              "SNETEU2DAASTAITBCP01",
              "SNETEU2DAASDSOAPROV001",
              "SNETEU2DAASDEREBCP01"
            ],
            "tags": {
              "COD_APP": "DAAS",
              "Operación": "IBM-Cloud",
              "Proyecto": "DaaS",
              "environment": "PROD"
            },
            "timeouts": null,
            "vnet_peerings": {
              "VNETEU2ALMRD01-VNETEU2CITRIXGRANJAP01": "/subscriptions/23c6691e-cadc-4df0-bac2-9db83df656f1/resourceGroups/rsgreu2almrf01/providers/Microsoft.Network/virtualNetworks/vneteu2almrd01",
              "VNETEU2CITRIXGRANJAP01-VNETCU1ATLAD01": "/subscriptions/f3d14889-fcb9-4196-8bac-8160c8bfefb0/resourceGroups/RSGRCU1ATLAD01/providers/Microsoft.Network/virtualNetworks/vnetcu1atlad01",
              "VNETEU2CITRIXGRANJAP01-VNETEU2ALMRC01": "/subscriptions/23c6691e-cadc-4df0-bac2-9db83df656f1/resourceGroups/rsgreu2almrf01/providers/Microsoft.Network/virtualNetworks/vneteu2almrc01",
              "VNETEU2CITRIXGRANJAP01-VNETEU2APPDAASP02": "/subscriptions/1e01cf52-2b55-4ccc-a09c-c103b26afc90/resourceGroups/RGEU2APPDAASP02/providers/Microsoft.Network/virtualNetworks/VNETEU2APPDAASP02",
              "VNETEU2CITRIXGRANJAP01-VNETEU2ATLAC01": "/subscriptions/f3d14889-fcb9-4196-8bac-8160c8bfefb0/resourceGroups/RGEU2ATLAINFRA01/providers/Microsoft.Network/virtualNetworks/VNETEU2ATLAC01",
              "VNETEU2CITRIXGRANJAP01-VNETEU2ATLAD01": "/subscriptions/f3d14889-fcb9-4196-8bac-8160c8bfefb0/resourceGroups/RGEU2ATLAINFRA01/providers/Microsoft.Network/virtualNetworks/VNETEU2ATLAD01",
              "VNETEU2CITRIXGRANJAP01-VNETEU2ATLAP01": "/subscriptions/f3d14889-fcb9-4196-8bac-8160c8bfefb0/resourceGroups/RGEU2ATLAINFRA01/providers/Microsoft.Network/virtualNetworks/VNETEU2ATLAP01",
              "VNETEU2CITRIXGRANJAP01-VNETEU2AVOBC01": "/subscriptions/63915aec-6133-40d0-a5ae-24e9bd1260e8/resourceGroups/RGEU2AVOBINFRA01/providers/Microsoft.Network/virtualNetworks/VNETEU2AVOBC01",
              "VNETEU2CITRIXGRANJAP01-VNETEU2AVOBD01": "/subscriptions/63915aec-6133-40d0-a5ae-24e9bd1260e8/resourceGroups/RGEU2AVOBINFRA01/providers/Microsoft.Network/virtualNetworks/VNETEU2AVOBD01",
              "VNETEU2CITRIXGRANJAP01-VNETEU2AZNTP01": "/subscriptions/849ecd39-b789-4e32-9c20-726dd3775086/resourceGroups/RSGREU2AZNTP01/providers/Microsoft.Network/virtualNetworks/VNETEU2AZNTP01",
              "VNETEU2CITRIXGRANJAP01-VNETEU2BCP01": "/subscriptions/849ecd39-b789-4e32-9c20-726dd3775086/resourceGroups/RGEU2INFRA/providers/Microsoft.Network/virtualNetworks/VNETEU2BCP01",
              "VNETEU2CITRIXGRANJAP01-VNETEU2CHCCD01": "/subscriptions/2c486d79-6614-4796-978c-aac5d7178c51/resourceGroups/RSGREU2CHCCF01/providers/Microsoft.Network/virtualNetworks/VNETEU2CHCCD01",
              "VNETEU2CITRIXGRANJAP01-VNETEU2CITRIXP01": "/subscriptions/1e01cf52-2b55-4ccc-a09c-c103b26afc90/resourceGroups/RGEU2APPCITRIXP01/providers/Microsoft.Network/virtualNetworks/VNETEU2CITRIXP01",
              "VNETEU2CITRIXGRANJAP01-VNETEU2CRMCC01": "/subscriptions/591e88c8-819c-4f9a-a984-2103d3105689/resourceGroups/RSGREU2CRMCF01/providers/Microsoft.Network/virtualNetworks/vneteu2crmcc01",
              "VNETEU2CITRIXGRANJAP01-VNETEU2CRMCP01": "/subscriptions/591e88c8-819c-4f9a-a984-2103d3105689/resourceGroups/RSGREU2CRMCF01/providers/Microsoft.Network/virtualNetworks/vneteu2crmcp01",
              "VNETEU2CITRIXGRANJAP01-VNETEU2MDPMD01": "/subscriptions/bab6112c-6a5a-4225-a0d5-bbeca90f400f/resourceGroups/rsgreu2mdpmf01/providers/Microsoft.Network/virtualNetworks/vneteu2mdpmd01",
              "VNETEU2CITRIXGRANJAP01-VNETEU2NUBED02": "/subscriptions/246c676f-da4e-4790-a2eb-df0e189eb8ef/resourceGroups/RSGR-SIMULADOR/providers/Microsoft.Network/virtualNetworks/vneteu2nubed02",
              "VNETEU2CITRIXGRANJAP01-VNETEU2RCCLD01": "/subscriptions/3855e706-2ce8-428e-8640-825bce64ff0b/resourceGroups/RSGREU2RCCLD01/providers/Microsoft.Network/virtualNetworks/vneteu2rccld01",
              "VNETEU2CITRIXGRANJAP01-VNETEU2SRECC01": "/subscriptions/8e8bde4c-da13-4e4d-993c-68bf37e3bf2e/resourceGroups/rsgreu2srecf01/providers/Microsoft.Network/virtualNetworks/vneteu2srecc01",
              "VNETEU2CITRIXGRANJAP01-vnetcu1infrc01": "/subscriptions/5666275e-b163-4b30-a831-76ec556e59ba/resourceGroups/RSGRCU1INFRF01/providers/Microsoft.Network/virtualNetworks/vnetcu1infrc01",
              "VNETEU2CITRIXGRANJAP01-vnetcu1infrd01": "/subscriptions/5666275e-b163-4b30-a831-76ec556e59ba/resourceGroups/RSGRCU1INFRF01/providers/Microsoft.Network/virtualNetworks/vnetcu1infrd01",
              "VNETEU2CITRIXGRANJAP01-vnetcu1infrp01": "/subscriptions/5666275e-b163-4b30-a831-76ec556e59ba/resourceGroups/RSGRCU1INFRF01/providers/Microsoft.Network/virtualNetworks/vnetcu1infrp01",
              "VNETEU2CITRIXGRANJAP01-vneteu2agebc01": "/subscriptions/efbcc16e-a924-4e8f-a0f4-362073606024/resourceGroups/RSGREU2AGEBF01/providers/Microsoft.Network/virtualNetworks/vneteu2agebc01",
              "VNETEU2CITRIXGRANJAP01-vneteu2agebd01": "/subscriptions/efbcc16e-a924-4e8f-a0f4-362073606024/resourceGroups/RSGREU2AGEBF01/providers/Microsoft.Network/virtualNetworks/vneteu2agebd01",
              "VNETEU2CITRIXGRANJAP01-vneteu2badic01": "/subscriptions/5ed45213-63d1-4c35-b3db-2cb1dc74e3f0/resourceGroups/RSGREU2BADIF01/providers/Microsoft.Network/virtualNetworks/vneteu2badic01",
              "VNETEU2CITRIXGRANJAP01-vneteu2badic02": "/subscriptions/5ed45213-63d1-4c35-b3db-2cb1dc74e3f0/resourceGroups/RSGREU2BADIF02/providers/Microsoft.Network/virtualNetworks/vneteu2badic02",
              "VNETEU2CITRIXGRANJAP01-vneteu2badid01": "/subscriptions/5ed45213-63d1-4c35-b3db-2cb1dc74e3f0/resourceGroups/RSGREU2BADIF01/providers/Microsoft.Network/virtualNetworks/vneteu2badid01",
              "VNETEU2CITRIXGRANJAP01-vneteu2bsegc01": "/subscriptions/fb4895ab-4728-420d-b1e6-ee8ddac46636/resourceGroups/rsgreu2bsegf01/providers/Microsoft.Network/virtualNetworks/vneteu2bsegc01",
              "VNETEU2CITRIXGRANJAP01-vneteu2bsegd01": "/subscriptions/fb4895ab-4728-420d-b1e6-ee8ddac46636/resourceGroups/rsgreu2bsegf01/providers/Microsoft.Network/virtualNetworks/vneteu2bsegd01",
              "VNETEU2CITRIXGRANJAP01-vneteu2bsegp01": "/subscriptions/fb4895ab-4728-420d-b1e6-ee8ddac46636/resourceGroups/rsgreu2bsegf01/providers/Microsoft.Network/virtualNetworks/vneteu2bsegp01",
              "VNETEU2CITRIXGRANJAP01-vneteu2cb2cc01": "/subscriptions/2509bb1b-9b3e-47bf-bb36-ca195b312bc0/resourceGroups/RSGREU2CB2CC01/providers/Microsoft.Network/virtualNetworks/vneteu2cb2cc01",
              "VNETEU2CITRIXGRANJAP01-vneteu2cb2cd01": "/subscriptions/2509bb1b-9b3e-47bf-bb36-ca195b312bc0/resourceGroups/RSGREU2CB2CD01/providers/Microsoft.Network/virtualNetworks/vneteu2cb2cd01",
              "VNETEU2CITRIXGRANJAP01-vneteu2chccc01": "/subscriptions/2c486d79-6614-4796-978c-aac5d7178c51/resourceGroups/RSGREU2CHCCF01/providers/Microsoft.Network/virtualNetworks/vneteu2chccc01",
              "VNETEU2CITRIXGRANJAP01-vneteu2chccp01": "/subscriptions/2c486d79-6614-4796-978c-aac5d7178c51/resourceGroups/RSGREU2CHCCF01/providers/Microsoft.Network/virtualNetworks/vneteu2chccp01",
              "VNETEU2CITRIXGRANJAP01-vneteu2ciamc01": "/subscriptions/3ced38fc-3110-4a32-90dd-30e711f79b92/resourceGroups/RSGREU2CIAMF01/providers/Microsoft.Network/virtualNetworks/vneteu2ciamc01",
              "VNETEU2CITRIXGRANJAP01-vneteu2ciamd01": "/subscriptions/3ced38fc-3110-4a32-90dd-30e711f79b92/resourceGroups/rsgreu2ciamf01/providers/Microsoft.Network/virtualNetworks/vneteu2ciamd01",
              "VNETEU2CITRIXGRANJAP01-vneteu2coprd01": "/subscriptions/c57ec95f-295f-43f9-a1bd-b648be47867a/resourceGroups/rsgreu2coprf01/providers/Microsoft.Network/virtualNetworks/vneteu2coprd01",
              "VNETEU2CITRIXGRANJAP01-vneteu2dpcmc01": "/subscriptions/231e412b-06bb-49a9-81bf-b2e1038de98f/resourceGroups/RSGREU2DPCMF01/providers/Microsoft.Network/virtualNetworks/vneteu2dpcmc01",
              "VNETEU2CITRIXGRANJAP01-vneteu2dpcmd01": "/subscriptions/231e412b-06bb-49a9-81bf-b2e1038de98f/resourceGroups/RSGREU2DPCMF01/providers/Microsoft.Network/virtualNetworks/vneteu2dpcmd01",
              "VNETEU2CITRIXGRANJAP01-vneteu2e312d01": "/subscriptions/95797f47-c3ce-4a77-8a6a-eecf737d32a0/resourceGroups/RSGREU2E312F01/providers/Microsoft.Network/virtualNetworks/vneteu2e312d01",
              "VNETEU2CITRIXGRANJAP01-vneteu2fcved01": "/subscriptions/955ecfd5-ed73-4572-b231-a32cc88b46d2/resourceGroups/RSGREU2FCVEF01/providers/Microsoft.Network/virtualNetworks/vneteu2fcved01",
              "VNETEU2CITRIXGRANJAP01-vneteu2inctd01": "/subscriptions/77a5170f-3bb4-4ceb-8fa6-1bcc2f9a0100/resourceGroups/RSGREU2INCTF01/providers/Microsoft.Network/virtualNetworks/vneteu2inctd01",
              "VNETEU2CITRIXGRANJAP01-vneteu2inctp01": "/subscriptions/77a5170f-3bb4-4ceb-8fa6-1bcc2f9a0100/resourceGroups/RSGREU2INCTF01/providers/Microsoft.Network/virtualNetworks/vneteu2inctp01",
              "VNETEU2CITRIXGRANJAP01-vneteu2infrc01": "/subscriptions/5666275e-b163-4b30-a831-76ec556e59ba/resourceGroups/RSGREU2INFRF01/providers/Microsoft.Network/virtualNetworks/vneteu2infrc01",
              "VNETEU2CITRIXGRANJAP01-vneteu2infrd01": "/subscriptions/5666275e-b163-4b30-a831-76ec556e59ba/resourceGroups/RSGREU2INFRF01/providers/Microsoft.Network/virtualNetworks/vneteu2infrd01",
              "VNETEU2CITRIXGRANJAP01-vneteu2infrp01": "/subscriptions/5666275e-b163-4b30-a831-76ec556e59ba/resourceGroups/RSGREU2INFRF01/providers/Microsoft.Network/virtualNetworks/vneteu2infrp01",
              "VNETEU2CITRIXGRANJAP01-vneteu2ntlcd02": "/subscriptions/918847a9-b797-4132-959b-939175cb64b4/resourceGroups/RSGREU2NTLCD02/providers/Microsoft.Network/virtualNetworks/vneteu2ntlcd02",
              "VNETEU2CITRIXGRANJAP01-vneteu2poctfcd01": "/subscriptions/246c676f-da4e-4790-a2eb-df0e189eb8ef/resourceGroups/RSGREU2POCTFCD01/providers/Microsoft.Network/virtualNetworks/vneteu2poctfcd01",
              "VNETEU2CITRIXGRANJAP01-vneteu2ppelc01": "/subscriptions/c9d265f5-e970-45f2-9f64-49c369d45341/resourceGroups/rsgreu2ppelf01/providers/Microsoft.Network/virtualNetworks/vneteu2ppelc01",
              "VNETEU2CITRIXGRANJAP01-vneteu2prcgc01": "/subscriptions/9b9eeddb-aef9-438c-927c-97f3c5a7b547/resourceGroups/RSGREU2PRCGF01/providers/Microsoft.Network/virtualNetworks/vneteu2prcgc01",
              "VNETEU2CITRIXGRANJAP01-vneteu2prcgd01": "/subscriptions/9b9eeddb-aef9-438c-927c-97f3c5a7b547/resourceGroups/RSGREU2PRCGF01/providers/Microsoft.Network/virtualNetworks/vneteu2prcgd01",
              "VNETEU2CITRIXGRANJAP01-vneteu2pxtid01": "/subscriptions/9a339499-1891-4028-8ee5-06673f3d61b9/resourceGroups/rsgreu2pxtif01/providers/Microsoft.Network/virtualNetworks/vneteu2pxtid01",
              "VNETEU2CITRIXGRANJAP01-vneteu2sgcdd01": "/subscriptions/fc94a3cb-35e6-4cff-90fd-1fbe331dc0fb/resourceGroups/RSGREU2SGCDD01/providers/Microsoft.Network/virtualNetworks/vneteu2sgcdd01",
              "VNETEU2CITRIXGRANJAP01-vneteu2shcld01": "/subscriptions/405e8818-211f-4014-b4e1-ac7f459a5dda/resourceGroups/rsgreu2shclf01/providers/Microsoft.Network/virtualNetworks/vneteu2shcld01",
              "VNETEU2CITRIXGRANJAP01-vneteu2vedic01": "/subscriptions/8bfdb20f-9866-4d0c-b43b-13cd4c2c85a4/resourceGroups/RSGREU2VEDIF01/providers/Microsoft.Network/virtualNetworks/vneteu2vedic01",
              "VNETEU2CITRIXGRANJAP01-vneteu2yapec10": "/subscriptions/ef51777c-e52b-4762-b0af-54cf81649c1e/resourceGroups/rsgreu2yapef10/providers/Microsoft.Network/virtualNetworks/vneteu2yapec10",
              "VNETEU2CITRIXGRANJAP01-vneteu2yapep10": "/subscriptions/ef51777c-e52b-4762-b0af-54cf81649c1e/resourceGroups/rsgreu2yapef10/providers/Microsoft.Network/virtualNetworks/vneteu2yapep10",
              "VNETEU2CITRIXGRANJAP01-vneteu2zeusc01": "/subscriptions/fd8a8232-b579-478b-8598-c3380e6e4ce1/resourceGroups/RSGREU2ZEUSF01/providers/Microsoft.Network/virtualNetworks/vneteu2zeusc01",
              "VNETEU2CITRIXGRANJAP01-vneteu2zeusd01": "/subscriptions/fd8a8232-b579-478b-8598-c3380e6e4ce1/resourceGroups/RSGREU2ZEUSF01/providers/Microsoft.Network/virtualNetworks/vneteu2zeusd01",
              "VNETEU2CITRIXGRANJAP01-vneteu2zeusp01": "/subscriptions/fd8a8232-b579-478b-8598-c3380e6e4ce1/resourceGroups/RSGREU2ZEUSF01/providers/Microsoft.Network/virtualNetworks/vneteu2zeusp01",
              "vneteu2citrixgranjap01-vneteu2dpcmp01": "/subscriptions/231e412b-06bb-49a9-81bf-b2e1038de98f/resourceGroups/RSGREU2DPCMF01/providers/Microsoft.Network/virtualNetworks/vneteu2dpcmp01",
              "vneteu2citrixgranjap01-vneteu2ppeld01": "/subscriptions/c9d265f5-e970-45f2-9f64-49c369d45341/resourceGroups/rsgreu2ppelf01/providers/Microsoft.Network/virtualNetworks/vneteu2ppeld01",
              "vneteu2cptcd01-VNETEU2CITRIXGRANJAP01": "/subscriptions/cd96b526-db41-4b93-bd4d-a9b7ae336035/resourceGroups/RSGREU2CPTCD01/providers/Microsoft.Network/virtualNetworks/vneteu2cptcd01",
              "vneteu2siemd01-vneteu2citrixgranjap01": "/subscriptions/30e2e97d-e8c6-47ff-8eae-73f34487134b/resourceGroups/RSGREU2SIEMF01/providers/Microsoft.Network/virtualNetworks/vneteu2siemd01"
            },
            "vnet_peerings_addresses": [
              "10.79.70.0/26",
              "10.79.70.128/25",
              "10.79.0.0/19",
              "10.79.72.0/22",
              "10.79.228.0/22",
              "10.167.196.0/24",
              "10.167.214.0/24",
              "10.171.11.0/24",
              "10.171.21.0/25",
              "10.171.98.0/26",
              "10.171.100.128/25",
              "10.171.101.0/24",
              "10.171.109.0/25",
              "10.79.80.0/22",
              "10.165.160.0/25",
              "10.165.160.128/25",
              "10.79.118.0/26",
              "10.79.118.192/28",
              "10.164.3.0/24",
              "10.167.140.0/26",
              "10.167.151.0/25",
              "10.167.151.128/25",
              "10.79.118.64/26",
              "10.164.4.0/24",
              "10.167.195.0/24",
              "10.166.4.0/22",
              "10.79.236.0/22",
              "10.167.100.0/24",
              "10.167.215.0/24",
              "10.171.13.0/24",
              "10.171.111.0/24",
              "10.171.112.0/25",
              "10.166.12.0/22",
              "10.79.176.0/21",
              "10.171.32.0/20",
              "10.79.138.64/26",
              "10.164.52.128/26",
              "10.79.138.32/27",
              "10.164.52.64/26",
              "10.164.69.32/28",
              "10.79.68.64/26",
              "10.165.254.160/28",
              "10.164.0.0/24",
              "10.79.105.32/27",
              "10.164.129.0/24",
              "10.164.44.0/25",
              "10.164.125.0/28",
              "10.167.95.144/28",
              "10.79.232.0/22",
              "10.171.12.0/24",
              "10.171.110.0/24",
              "10.171.109.128/25",
              "10.166.8.0/22",
              "10.164.84.128/25",
              "10.164.143.128/25",
              "10.164.126.0/25",
              "10.164.184.0/27",
              "10.167.250.80/28",
              "10.79.134.0/24",
              "10.164.60.0/25",
              "10.164.220.0/22",
              "10.165.224.0/22",
              "10.165.249.0/25",
              "10.165.249.128/28",
              "10.167.175.224/27",
              "10.79.156.0/24",
              "10.164.185.128/27",
              "10.171.120.0/24",
              "10.164.84.0/25",
              "10.164.143.0/25",
              "10.164.126.128/25",
              "10.164.184.32/27",
              "10.167.7.64/28",
              "10.79.160.0/20",
              "10.171.48.0/20",
              "10.164.6.0/23",
              "10.164.232.0/23",
              "10.164.234.0/28",
              "10.164.234.16/28",
              "10.164.234.32/27",
              "10.164.234.64/26",
              "10.164.234.128/25",
              "10.164.235.0/24",
              "10.164.236.0/22",
              "10.79.102.128/28",
              "10.79.142.0/23",
              "10.164.60.128/25",
              "10.164.224.0/23",
              "10.164.226.0/28",
              "10.164.226.16/28",
              "10.164.226.32/27",
              "10.164.226.64/26",
              "10.164.226.128/25",
              "10.164.227.0/24",
              "10.164.228.0/22",
              "10.165.220.0/23",
              "10.165.250.128/25",
              "10.165.249.160/28",
              "10.79.157.0/24",
              "10.164.185.160/27",
              "10.164.127.0/24",
              "10.164.184.64/27",
              "10.167.7.80/28",
              "10.79.88.128/27",
              "10.164.198.0/25",
              "10.164.200.0/27",
              "10.164.114.0/25",
              "10.164.185.0/27",
              "10.167.88.128/27",
              "10.171.72.128/27",
              "10.171.94.192/28",
              "10.171.116.128/27",
              "10.171.119.128/27",
              "10.79.88.160/27",
              "10.164.198.128/25",
              "10.79.88.192/26",
              "10.164.16.0/24",
              "10.164.58.128/25",
              "10.164.83.0/25",
              "10.164.184.224/29",
              "10.167.104.0/23",
              "10.164.125.128/28",
              "10.164.131.0/25",
              "10.165.6.96/28",
              "10.79.68.0/26",
              "10.165.151.240/28",
              "10.165.151.224/28",
              "10.79.112.0/24",
              "10.165.63.0/25",
              "10.165.95.0/25",
              "10.167.150.0/26",
              "10.171.95.0/26",
              "10.164.142.0/24",
              "10.165.6.112/28",
              "10.79.121.0/27",
              "10.164.131.128/27",
              "10.164.200.128/27",
              "10.165.7.0/25",
              "10.79.146.0/24",
              "10.79.147.0/27",
              "10.79.147.32/27",
              "10.164.98.0/24",
              "10.164.125.64/28",
              "10.164.167.0/25",
              "10.164.173.64/28",
              "10.165.62.0/27",
              "10.165.107.0/25",
              "10.165.108.0/28",
              "10.165.151.64/28",
              "10.167.125.0/28",
              "10.167.217.128/28",
              "10.164.53.0/28",
              "10.164.160.0/25",
              "10.164.193.128/28",
              "10.165.93.192/26",
              "10.165.161.0/27",
              "10.165.161.32/27",
              "10.165.161.64/27",
              "10.165.161.96/27",
              "10.165.161.128/27",
              "10.171.86.32/28",
              "10.164.160.128/25",
              "10.164.173.0/27",
              "10.165.161.160/27",
              "10.165.161.192/27",
              "10.165.161.224/27",
              "10.165.162.0/27",
              "10.165.162.32/27",
              "10.164.161.0/24",
              "10.164.173.32/27",
              "10.165.162.64/27",
              "10.165.162.96/27",
              "10.165.162.128/27",
              "10.165.162.160/27",
              "10.165.162.192/27",
              "10.79.148.0/24",
              "10.79.149.0/27",
              "10.79.149.32/27",
              "10.164.69.16/28",
              "10.164.99.0/24",
              "10.164.125.80/28",
              "10.164.167.128/26",
              "10.164.167.192/26",
              "10.165.62.32/27",
              "10.165.116.0/22",
              "10.165.128.0/26",
              "10.165.128.128/25",
              "10.165.151.80/28",
              "10.171.21.192/28",
              "10.79.76.0/22",
              "10.165.159.0/25",
              "10.165.159.128/25",
              "10.164.132.0/24",
              "10.165.6.128/28",
              "10.79.105.0/27",
              "10.164.69.192/28",
              "10.164.128.0/25",
              "10.165.200.0/27",
              "10.79.86.32/27",
              "10.164.69.0/28",
              "10.165.132.128/25",
              "10.165.72.128/25",
              "10.165.192.0/23",
              "10.165.151.144/28",
              "10.165.206.0/25",
              "10.167.9.224/28",
              "10.167.8.0/26",
              "10.165.201.0/25",
              "10.165.202.0/24",
              "10.165.200.192/28",
              "10.167.0.0/23",
              "10.164.23.0/26",
              "10.164.74.0/25",
              "10.164.190.128/27",
              "10.167.178.0/28",
              "10.167.89.0/25",
              "10.167.192.0/25",
              "10.164.23.64/26",
              "10.167.11.0/25",
              "10.167.10.0/24",
              "10.167.11.128/26",
              "10.167.95.64/27",
              "10.165.36.0/25",
              "10.167.216.0/28",
              "10.185.85.0/24",
              "10.167.216.64/28",
              "10.166.86.0/24"
            ]
          },
          "sensitive_attributes": []
        }
      ]
    },
    {
      "mode": "managed",
      "type": "azurerm_network_interface",
      "name": "example",
      "provider": "provider[\"registry.terraform.io/hashicorp/azurerm\"]",
      "instances": [
        {
          "index_key": 0,
          "schema_version": 0,
          "attributes": {
            "applied_dns_servers": [],
            "dns_servers": [],
            "edge_zone": "",
            "enable_accelerated_networking": false,
            "enable_ip_forwarding": false,
            "id": "/subscriptions/1e01cf52-2b55-4ccc-a09c-c103b26afc90/resourceGroups/RGEU2APPCITRIXGRANJAP01/providers/Microsoft.Network/networkInterfaces/ctxd25250inct01953_z2",
            "internal_dns_name_label": "",
            "internal_domain_name_suffix": "senpklxaxrfelji1d34bavimzg.cx.internal.cloudapp.net",
            "ip_configuration": [
              {
                "gateway_load_balancer_frontend_ip_configuration_id": "",
                "name": "ipconfig1",
                "primary": true,
                "private_ip_address": "10.160.82.80",
                "private_ip_address_allocation": "Dynamic",
                "private_ip_address_version": "IPv4",
                "public_ip_address_id": "",
                "subnet_id": "/subscriptions/1e01cf52-2b55-4ccc-a09c-c103b26afc90/resourceGroups/RGEU2APPCITRIXGRANJAP01/providers/Microsoft.Network/virtualNetworks/VNETEU2CITRIXGRANJAP01/subnets/SNETEU2DAASDSOAPROV001"
              }
            ],
            "location": "eastus2",
            "mac_address": "",
            "name": "ctxd25250inct01953_z2",
            "private_ip_address": "10.160.82.80",
            "private_ip_addresses": [
              "10.160.82.80"
            ],
            "resource_group_name": "RGEU2APPCITRIXGRANJAP01",
            "tags": {
              "environment": "PROD"
            },
            "timeouts": null,
            "virtual_machine_id": ""
          },
          "sensitive_attributes": [],
          "private": "eyJlMmJmYjczMC1lY2FhLTExZTYtOGY4OC0zNDM2M2JjN2M0YzAiOnsiY3JlYXRlIjoxODAwMDAwMDAwMDAwLCJkZWxldGUiOjE4MDAwMDAwMDAwMDAsInJlYWQiOjMwMDAwMDAwMDAwMCwidXBkYXRlIjoxODAwMDAwMDAwMDAwfX0=",
          "dependencies": [
            "data.azurerm_resource_group.existing_resource_group",
            "data.azurerm_subnet.subnets",
            "random_integer.random1"
          ]
        }
      ]
    },
    {
      "mode": "managed",
      "type": "random_integer",
      "name": "random1",
      "provider": "provider[\"registry.terraform.io/hashicorp/random\"]",
      "instances": [
        {
          "schema_version": 0,
          "attributes": {
            "id": "953",
            "keepers": null,
            "max": 999,
            "min": 100,
            "result": 953,
            "seed": null
          },
          "sensitive_attributes": []
        }
      ]
    },
    {
      "mode": "managed",
      "type": "random_string",
      "name": "random2",
      "provider": "provider[\"registry.terraform.io/hashicorp/random\"]",
      "instances": [
        {
          "schema_version": 2,
          "attributes": {
            "id": "lhkmhjsvq60dd2nq1m5jjektbsk8myv8",
            "keepers": null,
            "length": 32,
            "lower": true,
            "min_lower": 0,
            "min_numeric": 0,
            "min_special": 0,
            "min_upper": 0,
            "number": true,
            "numeric": true,
            "override_special": null,
            "result": "lhkmhjsvq60dd2nq1m5jjektbsk8myv8",
            "special": false,
            "upper": false
          },
          "sensitive_attributes": []
        }
      ]
    }
  ],
  "check_results": null
}
